
Microsoft Visual Studio Solution File, Format Version 12.00
# Visual Studio Version 16
VisualStudioVersion = 16.0.29519.181
MinimumVisualStudioVersion = 10.0.40219.1
Project("{9A19103F-16F7-4668-BE54-9A1E7A4F7556}") = "ABNSearchUI", "ABNSearchUI\ABNSearchUI.csproj", "{AA9289E9-8897-4BB4-B0CD-BD59B8FD4CEE}"
EndProject
Global
	GlobalSection(SolutionConfigurationPlatforms) = preSolution
		Debug|Any CPU = Debug|Any CPU
		Release|Any CPU = Release|Any CPU
	EndGlobalSection
	GlobalSection(ProjectConfigurationPlatforms) = postSolution
		{AA9289E9-8897-4BB4-B0CD-BD59B8FD4CEE}.Debug|Any CPU.ActiveCfg = Debug|Any CPU
		{AA9289E9-8897-4BB4-B0CD-BD59B8FD4CEE}.Debug|Any CPU.Build.0 = Debug|Any CPU
		{AA9289E9-8897-4BB4-B0CD-BD59B8FD4CEE}.Release|Any CPU.ActiveCfg = Release|Any CPU
		{AA9289E9-8897-4BB4-B0CD-BD59B8FD4CEE}.Release|Any CPU.Build.0 = Release|Any CPU
	EndGlobalSection
	GlobalSection(SolutionProperties) = preSolution
		HideSolutionNode = FALSE
	EndGlobalSection
	GlobalSection(ExtensibilityGlobals) = postSolution
		SolutionGuid = {4B2171DE-B6E2-402B-BF5D-138070CD182C}
	EndGlobalSection
	GlobalSection(TeamFoundationVersionControl) = preSolution
		SccNumberOfProjects = 2
		SccEnterpriseProvider = {4CA58AB2-18FA-4F8D-95D4-32DDF27D184C}
		SccTeamFoundationServer = http://atotfs01:8080/tfs/tpc01
		SccLocalPath0 = .
		SccProjectUniqueName1 = ABNSearchUI\\ABNSearchUI.csproj
		SccProjectName1 = ABNSearchUI
		SccLocalPath1 = ABNSearchUI
	EndGlobalSection
EndGlobal
